
Microsoft Visual Studio Solution File, Format Version 12.00
# Visual Studio Version 16
VisualStudioVersion = 16.0.31727.386
MinimumVisualStudioVersion = 10.0.40219.1
Project("{FAE04EC0-301F-11D3-BF4B-00C04F79EFBC}") = "LibreryProject", "LibreryProject\LibreryProject.csproj", "{9C6BC289-72F6-440C-8DA7-088123FC6A25}"
EndProject
Global
	GlobalSection(SolutionConfigurationPlatforms) = preSolution
		Debug|Any CPU = Debug|Any CPU
		Release|Any CPU = Release|Any CPU
	EndGlobalSection
	GlobalSection(ProjectConfigurationPlatforms) = postSolution
		{9C6BC289-72F6-440C-8DA7-088123FC6A25}.Debug|Any CPU.ActiveCfg = Debug|Any CPU
		{9C6BC289-72F6-440C-8DA7-088123FC6A25}.Debug|Any CPU.Build.0 = Debug|Any CPU
		{9C6BC289-72F6-440C-8DA7-088123FC6A25}.Release|Any CPU.ActiveCfg = Release|Any CPU
		{9C6BC289-72F6-440C-8DA7-088123FC6A25}.Release|Any CPU.Build.0 = Release|Any CPU
	EndGlobalSection
	GlobalSection(SolutionProperties) = preSolution
		HideSolutionNode = FALSE
	EndGlobalSection
	GlobalSection(ExtensibilityGlobals) = postSolution
		SolutionGuid = {6D2EDD70-E29B-46C0-9B4F-A7F20902992B}
	EndGlobalSection
EndGlobal
